
Microsoft Visual Studio Solution File, Format Version 12.00
# Visual Studio 15
VisualStudioVersion = 15.0.28307.102
MinimumVisualStudioVersion = 10.0.40219.1
Project("{FAE04EC0-301F-11D3-BF4B-00C04F79EFBC}") = "ConsoleApp1", "ConsoleApp1\ConsoleApp1.csproj", "{1F254EC3-8074-43A2-9211-915EBF58D1CC}"
EndProject
Global
	GlobalSection(SolutionConfigurationPlatforms) = preSolution
		Debug|Any CPU = Debug|Any CPU
		Release|Any CPU = Release|Any CPU
	EndGlobalSection
	GlobalSection(ProjectConfigurationPlatforms) = postSolution
		{1F254EC3-8074-43A2-9211-915EBF58D1CC}.Debug|Any CPU.ActiveCfg = Debug|Any CPU
		{1F254EC3-8074-43A2-9211-915EBF58D1CC}.Debug|Any CPU.Build.0 = Debug|Any CPU
		{1F254EC3-8074-43A2-9211-915EBF58D1CC}.Release|Any CPU.ActiveCfg = Release|Any CPU
		{1F254EC3-8074-43A2-9211-915EBF58D1CC}.Release|Any CPU.Build.0 = Release|Any CPU
	EndGlobalSection
	GlobalSection(SolutionProperties) = preSolution
		HideSolutionNode = FALSE
	EndGlobalSection
	GlobalSection(ExtensibilityGlobals) = postSolution
		SolutionGuid = {D94396DD-BA95-4722-BA7D-72C6AA088CFF}
	EndGlobalSection
EndGlobal
